
Microsoft Visual Studio Solution File, Format Version 12.00
# Visual Studio Version 16
VisualStudioVersion = 16.0.30907.101
MinimumVisualStudioVersion = 10.0.40219.1
Project("{FAE04EC0-301F-11D3-BF4B-00C04F79EFBC}") = "Lesson2", "Lesson2\Lesson2.csproj", "{53737426-52D1-4B5B-82B7-A75D04ED8C83}"
EndProject
Global
	GlobalSection(SolutionConfigurationPlatforms) = preSolution
		Debug|Any CPU = Debug|Any CPU
		Release|Any CPU = Release|Any CPU
	EndGlobalSection
	GlobalSection(ProjectConfigurationPlatforms) = postSolution
		{53737426-52D1-4B5B-82B7-A75D04ED8C83}.Debug|Any CPU.ActiveCfg = Debug|Any CPU
		{53737426-52D1-4B5B-82B7-A75D04ED8C83}.Debug|Any CPU.Build.0 = Debug|Any CPU
		{53737426-52D1-4B5B-82B7-A75D04ED8C83}.Release|Any CPU.ActiveCfg = Release|Any CPU
		{53737426-52D1-4B5B-82B7-A75D04ED8C83}.Release|Any CPU.Build.0 = Release|Any CPU
	EndGlobalSection
	GlobalSection(SolutionProperties) = preSolution
		HideSolutionNode = FALSE
	EndGlobalSection
	GlobalSection(ExtensibilityGlobals) = postSolution
		SolutionGuid = {4A43EC94-DE7C-44D2-A833-4258AFC1CA50}
	EndGlobalSection
EndGlobal
